
Microsoft Visual Studio Solution File, Format Version 12.00
# Visual Studio Version 16
VisualStudioVersion = 16.0.31321.278
MinimumVisualStudioVersion = 10.0.40219.1
Project("{FAE04EC0-301F-11D3-BF4B-00C04F79EFBC}") = "Variables_Maey_Andrew", "Variables_Maey_Andrew\Variables_Maey_Andrew.csproj", "{4AAF852E-F696-4C88-B670-250D7B1C59A5}"
EndProject
Global
	GlobalSection(SolutionConfigurationPlatforms) = preSolution
		Debug|Any CPU = Debug|Any CPU
		Release|Any CPU = Release|Any CPU
	EndGlobalSection
	GlobalSection(ProjectConfigurationPlatforms) = postSolution
		{4AAF852E-F696-4C88-B670-250D7B1C59A5}.Debug|Any CPU.ActiveCfg = Debug|Any CPU
		{4AAF852E-F696-4C88-B670-250D7B1C59A5}.Debug|Any CPU.Build.0 = Debug|Any CPU
		{4AAF852E-F696-4C88-B670-250D7B1C59A5}.Release|Any CPU.ActiveCfg = Release|Any CPU
		{4AAF852E-F696-4C88-B670-250D7B1C59A5}.Release|Any CPU.Build.0 = Release|Any CPU
	EndGlobalSection
	GlobalSection(SolutionProperties) = preSolution
		HideSolutionNode = FALSE
	EndGlobalSection
	GlobalSection(ExtensibilityGlobals) = postSolution
		SolutionGuid = {124122BE-2E24-48E2-8059-5A44897D8A0B}
	EndGlobalSection
EndGlobal
